github.com/davecgh/go-spew v1.1.0/go.mod h1:J7Y8YcW2NihsgmVo/mv3lAwl/skON4iLHjSsI+c5H38=
github.com/dominikbraun/graph v0.23.0 h1:TdZB4pPqCLFxYhdyMFb1TBdFxp8XLcJfTTBQucVPgCo=
github.com/dominikbraun/graph v0.23.0/go.mod h1:yOjYyogZLY1LSG9E33JWZJiq5k83Qy2C6POAuiViluc=
github.com/pmezard/go-difflib v1.0.0/go.mod h1:iKH77koFhYxTK1pcRnkKkqfTogsbg7gZNVY4sRDYZ/4=
github.com/rickar/cal/v2 v2.1.15 h1:bm6ll40ph9BLvY35Sy5KdT6GxN7UY56ZwCq/cJAxdew=
github.com/rickar/cal/v2 v2.1.15/go.mod h1:/fdlMcx7GjPlIBibMzOM9gMvDBsrK+mOtRXdTzUqV/A=
github.com/stretchr/testify v1.2.1/go.mod h1:a8OnRcib4nhh0OaRAV+Yts87kKdq0PP7pXfy6kDkUVs=
github.com/uniplaces/carbon v0.2.2 h1:6565BALc8oODzsYyfv6807i1GuvXELMRp28RK1uVnMs=
github.com/uniplaces/carbon v0.2.2/go.mod h1:3L/ZKEr/21OdLHkytvoa+iSUYDPsljWU7JiAdO4MaDI=
google.golang.org/genproto v0.0.0-20240509183442-62759503f434 h1:+PQKEGakpJad0y8bF9UJlgg4dO2U5H+cydccJNjzkww=
google.golang.org/genproto v0.0.0-20240509183442-62759503f434/go.mod h1:i4np6Wrjp8EujFAUn0CM0SH+iZhY1EbrfzEIJbFkHFM=
google.golang.org/protobuf v1.34.1 h1:9ddQBjfCyZPOHPUiPxpYESBLc+T8P3E+Vo4IbKZgFWg=
google.golang.org/protobuf v1.34.1/go.mod h1:c6P6GXX6sHbq/GpV6MGZEdwhWPcYBgnhAHhKbcUYpos=
